Microsoft Visual Studio Solution File, Format Version 12.00
# Visual Studio 15
VisualStudioVersion = 15.0.26730.15
MinimumVisualStudioVersion = 10.0.40219.1
Project("{9A19103F-16F7-4668-BE54-9A1E7A4F7556}") = "WebAppBase", "src\WebAppBase\WebAppBase.csproj", "{82942F41-30B2-45F3-99BC-C851A2B6531B}"
EndProject
Project("{FAE04EC0-301F-11D3-BF4B-00C04F79EFBC}") = "WebAppSwagger", "src\WebAppSwagger\WebAppSwagger.csproj", "{F3EBCD5E-5C12-4351-B120-48DF492DD8BB}"
EndProject
Project("{FAE04EC0-301F-11D3-BF4B-00C04F79EFBC}") = "WebAppHealthCheck", "src\WebAppHealthCheck\WebAppHealthCheck.csproj", "{96A0F0E2-1773-420E-BCDB-81857BA10096}"
EndProject
Project("{FAE04EC0-301F-11D3-BF4B-00C04F79EFBC}") = "WebAppSerilog", "src\WebAppSerilog\WebAppSerilog.csproj", "{336F5A36-AD5C-4D69-A9C4-783811C2FE79}"
EndProject
Project("{FAE04EC0-301F-11D3-BF4B-00C04F79EFBC}") = "WebAppNSwag", "src\WebAppNSwag\WebAppNSwag.csproj", "{E150AFC7-D36C-453C-8CE8-7C9D477A9536}"
EndProject
Project("{2150E333-8FDC-42A3-9474-1A3956D46DE8}") = "SolutionItems", "SolutionItems", "{2900E95D-1AEA-46B8-B9FE-37942C3982D6}"
ProjectSection(SolutionItems) = preProject
	Directory.Build.props = Directory.Build.props
	nuget.config = nuget.config
	README.md = README.md
EndProjectSection
EndProject
Global
	GlobalSection(SolutionConfigurationPlatforms) = preSolution
		Debug|Any CPU = Debug|Any CPU
		Release|Any CPU = Release|Any CPU
	EndGlobalSection
	GlobalSection(ProjectConfigurationPlatforms) = postSolution
		{82942F41-30B2-45F3-99BC-C851A2B6531B}.Debug|Any CPU.ActiveCfg = Debug|Any CPU
		{82942F41-30B2-45F3-99BC-C851A2B6531B}.Debug|Any CPU.Build.0 = Debug|Any CPU
		{82942F41-30B2-45F3-99BC-C851A2B6531B}.Release|Any CPU.ActiveCfg = Release|Any CPU
		{82942F41-30B2-45F3-99BC-C851A2B6531B}.Release|Any CPU.Build.0 = Release|Any CPU
		{F3EBCD5E-5C12-4351-B120-48DF492DD8BB}.Debug|Any CPU.ActiveCfg = Debug|Any CPU
		{F3EBCD5E-5C12-4351-B120-48DF492DD8BB}.Debug|Any CPU.Build.0 = Debug|Any CPU
		{F3EBCD5E-5C12-4351-B120-48DF492DD8BB}.Release|Any CPU.ActiveCfg = Release|Any CPU
		{F3EBCD5E-5C12-4351-B120-48DF492DD8BB}.Release|Any CPU.Build.0 = Release|Any CPU
		{96A0F0E2-1773-420E-BCDB-81857BA10096}.Debug|Any CPU.ActiveCfg = Debug|Any CPU
		{96A0F0E2-1773-420E-BCDB-81857BA10096}.Debug|Any CPU.Build.0 = Debug|Any CPU
		{96A0F0E2-1773-420E-BCDB-81857BA10096}.Release|Any CPU.ActiveCfg = Release|Any CPU
		{96A0F0E2-1773-420E-BCDB-81857BA10096}.Release|Any CPU.Build.0 = Release|Any CPU
		{336F5A36-AD5C-4D69-A9C4-783811C2FE79}.Debug|Any CPU.ActiveCfg = Debug|Any CPU
		{336F5A36-AD5C-4D69-A9C4-783811C2FE79}.Debug|Any CPU.Build.0 = Debug|Any CPU
		{336F5A36-AD5C-4D69-A9C4-783811C2FE79}.Release|Any CPU.ActiveCfg = Debug|Any CPU
		{336F5A36-AD5C-4D69-A9C4-783811C2FE79}.Release|Any CPU.Build.0 = Debug|Any CPU
		{E150AFC7-D36C-453C-8CE8-7C9D477A9536}.Debug|Any CPU.ActiveCfg = Debug|Any CPU
		{E150AFC7-D36C-453C-8CE8-7C9D477A9536}.Debug|Any CPU.Build.0 = Debug|Any CPU
		{E150AFC7-D36C-453C-8CE8-7C9D477A9536}.Release|Any CPU.ActiveCfg = Debug|Any CPU
		{E150AFC7-D36C-453C-8CE8-7C9D477A9536}.Release|Any CPU.Build.0 = Debug|Any CPU
		{01F37444-332B-4BC5-9DDE-D7C3D4A9356F}.Debug|Any CPU.ActiveCfg = Debug|Any CPU
		{01F37444-332B-4BC5-9DDE-D7C3D4A9356F}.Debug|Any CPU.Build.0 = Debug|Any CPU
		{01F37444-332B-4BC5-9DDE-D7C3D4A9356F}.Release|Any CPU.ActiveCfg = Release|Any CPU
		{01F37444-332B-4BC5-9DDE-D7C3D4A9356F}.Release|Any CPU.Build.0 = Release|Any CPU
	EndGlobalSection
	GlobalSection(SolutionProperties) = preSolution
		HideSolutionNode = FALSE
	EndGlobalSection
	GlobalSection(ExtensibilityGlobals) = postSolution
		SolutionGuid = {F052A8D9-B05F-4FCD-8AFD-9C7B38A4DB11}
	EndGlobalSection
EndGlobal
